
Microsoft Visual Studio Solution File, Format Version 12.00
# Visual Studio Version 16
VisualStudioVersion = 16.0.28922.388
MinimumVisualStudioVersion = 10.0.40219.1
Project("{FAE04EC0-301F-11D3-BF4B-00C04F79EFBC}") = "TodoApp", "TodoApp.csproj", "{2B39E733-2C9D-4FA0-90F4-73D06E7F3294}"
EndProject
Global
	GlobalSection(SolutionConfigurationPlatforms) = preSolution
		Debug|Any CPU = Debug|Any CPU
		Release|Any CPU = Release|Any CPU
	EndGlobalSection
	GlobalSection(ProjectConfigurationPlatforms) = postSolution
		{2B39E733-2C9D-4FA0-90F4-73D06E7F3294}.Debug|Any CPU.ActiveCfg = Debug|Any CPU
		{2B39E733-2C9D-4FA0-90F4-73D06E7F3294}.Debug|Any CPU.Build.0 = Debug|Any CPU
		{2B39E733-2C9D-4FA0-90F4-73D06E7F3294}.Release|Any CPU.ActiveCfg = Release|Any CPU
		{2B39E733-2C9D-4FA0-90F4-73D06E7F3294}.Release|Any CPU.Build.0 = Release|Any CPU
	EndGlobalSection
	GlobalSection(SolutionProperties) = preSolution
		HideSolutionNode = FALSE
	EndGlobalSection
	GlobalSection(ExtensibilityGlobals) = postSolution
		SolutionGuid = {F80DAD71-464B-4522-B4D4-080C0721C066}
	EndGlobalSection
EndGlobal
